
Microsoft Visual Studio Solution File, Format Version 12.00
# Visual Studio Version 16
VisualStudioVersion = 16.0.29613.14
MinimumVisualStudioVersion = 10.0.40219.1
Project("{FAE04EC0-301F-11D3-BF4B-00C04F79EFBC}") = "CS-013 ChallengeLPB", "CS-013 ChallengeLPB.csproj", "{63ED78E8-BD27-4870-B43A-9C0B66512C14}"
EndProject
Global
	GlobalSection(SolutionConfigurationPlatforms) = preSolution
		Debug|Any CPU = Debug|Any CPU
		Release|Any CPU = Release|Any CPU
	EndGlobalSection
	GlobalSection(ProjectConfigurationPlatforms) = postSolution
		{63ED78E8-BD27-4870-B43A-9C0B66512C14}.Debug|Any CPU.ActiveCfg = Debug|Any CPU
		{63ED78E8-BD27-4870-B43A-9C0B66512C14}.Debug|Any CPU.Build.0 = Debug|Any CPU
		{63ED78E8-BD27-4870-B43A-9C0B66512C14}.Release|Any CPU.ActiveCfg = Release|Any CPU
		{63ED78E8-BD27-4870-B43A-9C0B66512C14}.Release|Any CPU.Build.0 = Release|Any CPU
	EndGlobalSection
	GlobalSection(SolutionProperties) = preSolution
		HideSolutionNode = FALSE
	EndGlobalSection
	GlobalSection(ExtensibilityGlobals) = postSolution
		SolutionGuid = {765BB003-6DBE-471D-8233-E079630C0459}
	EndGlobalSection
EndGlobal
